Microsoft Visual Studio Solution File, Format Version 12.00
# Visual Studio 14
VisualStudioVersion = 14.0.25420.1
MinimumVisualStudioVersion = 10.0.40219.1
Project("{FAE04EC0-301F-11D3-BF4B-00C04F79EFBC}") = "Codex.Sdk", "src\Codex.Sdk\Codex.Sdk.csproj", "{2322A932-05F4-4931-8547-71377C6AB49E}"
EndProject
Project("{FAE04EC0-301F-11D3-BF4B-00C04F79EFBC}") = "Codex", "src\Codex\Codex.csproj", "{18F9B5DD-54B9-49F3-B788-8A066314BB98}"
EndProject
Project("{FAE04EC0-301F-11D3-BF4B-00C04F79EFBC}") = "Codex.Analysis", "src\Codex.Analysis\Codex.Analysis.csproj", "{2016A682-4D9F-4A65-A03D-D65FF2948269}"
EndProject
Project("{FAE04EC0-301F-11D3-BF4B-00C04F79EFBC}") = "Codex.Analysis.Managed", "src\Codex.Analysis.Managed\Codex.Analysis.Managed.csproj", "{9C45EDC8-4B6F-4C70-B317-A3B6074A965A}"
EndProject
Project("{FAE04EC0-301F-11D3-BF4B-00C04F79EFBC}") = "Codex.Analysis.Managed.Decompilation", "src\Codex.Analysis.Managed.Decompilation\Codex.Analysis.Managed.Decompilation.csproj", "{CE20F5F8-917F-4E24-8374-B60B698ACBA6}"
EndProject
Project("{FAE04EC0-301F-11D3-BF4B-00C04F79EFBC}") = "Codex.Decompilation", "src\Codex.Decompilation\Codex.Decompilation.csproj", "{C6454733-C8EE-41A1-88D9-2EDC4012F499}"
EndProject
Project("{FAE04EC0-301F-11D3-BF4B-00C04F79EFBC}") = "Codex.Decompilation.Perspective", "src\Codex.Decompilation.Perspective\Codex.Decompilation.Perspective.csproj", "{94BDF7DC-169D-41D7-9FC8-081A9D1D56D2}"
EndProject
Project("{FAE04EC0-301F-11D3-BF4B-00C04F79EFBC}") = "Codex.ElasticSearch", "src\Codex.ElasticSearch\Codex.ElasticSearch.csproj", "{4573F8BC-6B87-4526-A815-42F473452F8C}"
EndProject
Project("{FAE04EC0-301F-11D3-BF4B-00C04F79EFBC}") = "Codex.Web", "src\Codex.Web\Codex.Web.csproj", "{36AA953D-48F4-4FEE-91E4-BF14AABDE35A}"
EndProject
Project("{FAE04EC0-301F-11D3-BF4B-00C04F79EFBC}") = "Perspectil", "src\Perspectil\Perspectil.csproj", "{F9A05818-6D67-484A-8397-149EA1DEDCDF}"
EndProject
Project("{2150E333-8FDC-42A3-9474-1A3956D46DE8}") = "Documents", "Documents", "{64FF0049-1E2B-4929-B944-EFF99A45C910}"
	ProjectSection(SolutionItems) = preProject
		CommitModelTypes.txt = CommitModelTypes.txt
		Ingestion.txt = Ingestion.txt
		Roadmap.txt = Roadmap.txt
	EndProjectSection
EndProject
Global
	GlobalSection(SolutionConfigurationPlatforms) = preSolution
		Debug|Mixed Platforms = Debug|Mixed Platforms
		Release|Mixed Platforms = Release|Mixed Platforms
	EndGlobalSection
	GlobalSection(ProjectConfigurationPlatforms) = postSolution
		{2322A932-05F4-4931-8547-71377C6AB49E}.Debug|Mixed Platforms.ActiveCfg = Debug|Any CPU
		{2322A932-05F4-4931-8547-71377C6AB49E}.Debug|Mixed Platforms.Build.0 = Debug|Any CPU
		{2322A932-05F4-4931-8547-71377C6AB49E}.Release|Mixed Platforms.ActiveCfg = Release|Any CPU
		{2322A932-05F4-4931-8547-71377C6AB49E}.Release|Mixed Platforms.Build.0 = Release|Any CPU
		{18F9B5DD-54B9-49F3-B788-8A066314BB98}.Debug|Mixed Platforms.ActiveCfg = Debug|Any CPU
		{18F9B5DD-54B9-49F3-B788-8A066314BB98}.Debug|Mixed Platforms.Build.0 = Debug|Any CPU
		{18F9B5DD-54B9-49F3-B788-8A066314BB98}.Release|Mixed Platforms.ActiveCfg = Release|Any CPU
		{18F9B5DD-54B9-49F3-B788-8A066314BB98}.Release|Mixed Platforms.Build.0 = Release|Any CPU
		{2016A682-4D9F-4A65-A03D-D65FF2948269}.Debug|Mixed Platforms.ActiveCfg = Debug|Any CPU
		{2016A682-4D9F-4A65-A03D-D65FF2948269}.Debug|Mixed Platforms.Build.0 = Debug|Any CPU
		{2016A682-4D9F-4A65-A03D-D65FF2948269}.Release|Mixed Platforms.ActiveCfg = Release|Any CPU
		{2016A682-4D9F-4A65-A03D-D65FF2948269}.Release|Mixed Platforms.Build.0 = Release|Any CPU
		{9C45EDC8-4B6F-4C70-B317-A3B6074A965A}.Debug|Mixed Platforms.ActiveCfg = Debug|Any CPU
		{9C45EDC8-4B6F-4C70-B317-A3B6074A965A}.Debug|Mixed Platforms.Build.0 = Debug|Any CPU
		{9C45EDC8-4B6F-4C70-B317-A3B6074A965A}.Release|Mixed Platforms.ActiveCfg = Release|Any CPU
		{9C45EDC8-4B6F-4C70-B317-A3B6074A965A}.Release|Mixed Platforms.Build.0 = Release|Any CPU
		{CE20F5F8-917F-4E24-8374-B60B698ACBA6}.Debug|Mixed Platforms.ActiveCfg = Debug|Any CPU
		{CE20F5F8-917F-4E24-8374-B60B698ACBA6}.Debug|Mixed Platforms.Build.0 = Debug|Any CPU
		{CE20F5F8-917F-4E24-8374-B60B698ACBA6}.Release|Mixed Platforms.ActiveCfg = Release|Any CPU
		{CE20F5F8-917F-4E24-8374-B60B698ACBA6}.Release|Mixed Platforms.Build.0 = Release|Any CPU
		{C6454733-C8EE-41A1-88D9-2EDC4012F499}.Debug|Mixed Platforms.ActiveCfg = Debug|Any CPU
		{C6454733-C8EE-41A1-88D9-2EDC4012F499}.Debug|Mixed Platforms.Build.0 = Debug|Any CPU
		{C6454733-C8EE-41A1-88D9-2EDC4012F499}.Release|Mixed Platforms.ActiveCfg = Release|Any CPU
		{C6454733-C8EE-41A1-88D9-2EDC4012F499}.Release|Mixed Platforms.Build.0 = Release|Any CPU
		{94BDF7DC-169D-41D7-9FC8-081A9D1D56D2}.Debug|Mixed Platforms.ActiveCfg = Debug|Any CPU
		{94BDF7DC-169D-41D7-9FC8-081A9D1D56D2}.Debug|Mixed Platforms.Build.0 = Debug|Any CPU
		{94BDF7DC-169D-41D7-9FC8-081A9D1D56D2}.Release|Mixed Platforms.ActiveCfg = Release|Any CPU
		{94BDF7DC-169D-41D7-9FC8-081A9D1D56D2}.Release|Mixed Platforms.Build.0 = Release|Any CPU
		{4573F8BC-6B87-4526-A815-42F473452F8C}.Debug|Mixed Platforms.ActiveCfg = Debug|Any CPU
		{4573F8BC-6B87-4526-A815-42F473452F8C}.Debug|Mixed Platforms.Build.0 = Debug|Any CPU
		{4573F8BC-6B87-4526-A815-42F473452F8C}.Release|Mixed Platforms.ActiveCfg = Release|Any CPU
		{4573F8BC-6B87-4526-A815-42F473452F8C}.Release|Mixed Platforms.Build.0 = Release|Any CPU
		{36AA953D-48F4-4FEE-91E4-BF14AABDE35A}.Debug|Mixed Platforms.ActiveCfg = Debug|Any CPU
		{36AA953D-48F4-4FEE-91E4-BF14AABDE35A}.Debug|Mixed Platforms.Build.0 = Debug|Any CPU
		{36AA953D-48F4-4FEE-91E4-BF14AABDE35A}.Release|Mixed Platforms.ActiveCfg = Release|Any CPU
		{36AA953D-48F4-4FEE-91E4-BF14AABDE35A}.Release|Mixed Platforms.Build.0 = Release|Any CPU
		{F9A05818-6D67-484A-8397-149EA1DEDCDF}.Debug|Mixed Platforms.ActiveCfg = Debug|Any CPU
		{F9A05818-6D67-484A-8397-149EA1DEDCDF}.Debug|Mixed Platforms.Build.0 = Debug|Any CPU
		{F9A05818-6D67-484A-8397-149EA1DEDCDF}.Release|Mixed Platforms.ActiveCfg = Release|Any CPU
		{F9A05818-6D67-484A-8397-149EA1DEDCDF}.Release|Mixed Platforms.Build.0 = Release|Any CPU
	EndGlobalSection
	GlobalSection(SolutionProperties) = preSolution
		HideSolutionNode = FALSE
	EndGlobalSection
EndGlobal
